
Microsoft Visual Studio Solution File, Format Version 12.00
# Visual Studio 2013
VisualStudioVersion = 12.0.31101.0
MinimumVisualStudioVersion = 10.0.40219.1
Project("{FAE04EC0-301F-11D3-BF4B-00C04F79EFBC}") = "Chreytli.Api", "Chreytli.Api\Chreytli.Api.csproj", "{DC27DFB0-F5C2-4174-8B57-4A2C4F9C68CE}"
EndProject
Global
	GlobalSection(SolutionConfigurationPlatforms) = preSolution
		Debug|Any CPU = Debug|Any CPU
		Release|Any CPU = Release|Any CPU
	EndGlobalSection
	GlobalSection(ProjectConfigurationPlatforms) = postSolution
		{DC27DFB0-F5C2-4174-8B57-4A2C4F9C68CE}.Debug|Any CPU.ActiveCfg = Debug|Any CPU
		{DC27DFB0-F5C2-4174-8B57-4A2C4F9C68CE}.Debug|Any CPU.Build.0 = Debug|Any CPU
		{DC27DFB0-F5C2-4174-8B57-4A2C4F9C68CE}.Release|Any CPU.ActiveCfg = Release|Any CPU
		{DC27DFB0-F5C2-4174-8B57-4A2C4F9C68CE}.Release|Any CPU.Build.0 = Release|Any CPU
	EndGlobalSection
	GlobalSection(SolutionProperties) = preSolution
		HideSolutionNode = FALSE
	EndGlobalSection
EndGlobal
